
Microsoft Visual Studio Solution File, Format Version 12.00
# Visual Studio Version 16
VisualStudioVersion = 16.0.31313.79
MinimumVisualStudioVersion = 10.0.40219.1
Project("{FAE04EC0-301F-11D3-BF4B-00C04F79EFBC}") = "TestExamp", "Examp\TestExamp.csproj", "{1DFBA1AB-AAA2-45B3-83E9-27949954F5C9}"
EndProject
Project("{9A19103F-16F7-4668-BE54-9A1E7A4F7556}") = "DapperLib", "DapperLib\DapperLib.csproj", "{8475D1F0-6B03-4010-A401-23C09A7BB05D}"
EndProject
Global
	GlobalSection(SolutionConfigurationPlatforms) = preSolution
		Debug|Any CPU = Debug|Any CPU
		Release|Any CPU = Release|Any CPU
	EndGlobalSection
	GlobalSection(ProjectConfigurationPlatforms) = postSolution
		{1DFBA1AB-AAA2-45B3-83E9-27949954F5C9}.Debug|Any CPU.ActiveCfg = Debug|Any CPU
		{1DFBA1AB-AAA2-45B3-83E9-27949954F5C9}.Debug|Any CPU.Build.0 = Debug|Any CPU
		{1DFBA1AB-AAA2-45B3-83E9-27949954F5C9}.Release|Any CPU.ActiveCfg = Release|Any CPU
		{1DFBA1AB-AAA2-45B3-83E9-27949954F5C9}.Release|Any CPU.Build.0 = Release|Any CPU
		{8475D1F0-6B03-4010-A401-23C09A7BB05D}.Debug|Any CPU.ActiveCfg = Debug|Any CPU
		{8475D1F0-6B03-4010-A401-23C09A7BB05D}.Debug|Any CPU.Build.0 = Debug|Any CPU
		{8475D1F0-6B03-4010-A401-23C09A7BB05D}.Release|Any CPU.ActiveCfg = Release|Any CPU
		{8475D1F0-6B03-4010-A401-23C09A7BB05D}.Release|Any CPU.Build.0 = Release|Any CPU
	EndGlobalSection
	GlobalSection(SolutionProperties) = preSolution
		HideSolutionNode = FALSE
	EndGlobalSection
	GlobalSection(ExtensibilityGlobals) = postSolution
		SolutionGuid = {EB897587-D25E-4F23-85E0-39B3A605CFAF}
	EndGlobalSection
EndGlobal
